
Microsoft Visual Studio Solution File, Format Version 12.00
# Visual Studio Version 16
VisualStudioVersion = 16.0.30907.101
MinimumVisualStudioVersion = 10.0.40219.1
Project("{FAE04EC0-301F-11D3-BF4B-00C04F79EFBC}") = "test_dapper", "test_dapper.csproj", "{FAFFE5CB-6C41-4194-BDD3-0BA9207E0987}"
EndProject
Global
	GlobalSection(SolutionConfigurationPlatforms) = preSolution
		Debug|Any CPU = Debug|Any CPU
		Release|Any CPU = Release|Any CPU
	EndGlobalSection
	GlobalSection(ProjectConfigurationPlatforms) = postSolution
		{FAFFE5CB-6C41-4194-BDD3-0BA9207E0987}.Debug|Any CPU.ActiveCfg = Debug|Any CPU
		{FAFFE5CB-6C41-4194-BDD3-0BA9207E0987}.Debug|Any CPU.Build.0 = Debug|Any CPU
		{FAFFE5CB-6C41-4194-BDD3-0BA9207E0987}.Release|Any CPU.ActiveCfg = Release|Any CPU
		{FAFFE5CB-6C41-4194-BDD3-0BA9207E0987}.Release|Any CPU.Build.0 = Release|Any CPU
	EndGlobalSection
	GlobalSection(SolutionProperties) = preSolution
		HideSolutionNode = FALSE
	EndGlobalSection
	GlobalSection(ExtensibilityGlobals) = postSolution
		SolutionGuid = {26AD86B5-C77B-4623-B50F-4341E19537F4}
	EndGlobalSection
EndGlobal
